
Microsoft Visual Studio Solution File, Format Version 12.00
# Visual Studio 15
VisualStudioVersion = 15.0.26730.12
MinimumVisualStudioVersion = 10.0.40219.1
Project("{FAE04EC0-301F-11D3-BF4B-00C04F79EFBC}") = "Procedual Maze Generation", "Procedual Maze Generation\Procedual Maze Generation.csproj", "{DB44B646-F6E2-4ED6-9BCB-BE36308F6EE1}"
EndProject
Global
	GlobalSection(SolutionConfigurationPlatforms) = preSolution
		Debug|Any CPU = Debug|Any CPU
		Release|Any CPU = Release|Any CPU
	EndGlobalSection
	GlobalSection(ProjectConfigurationPlatforms) = postSolution
		{DB44B646-F6E2-4ED6-9BCB-BE36308F6EE1}.Debug|Any CPU.ActiveCfg = Debug|Any CPU
		{DB44B646-F6E2-4ED6-9BCB-BE36308F6EE1}.Debug|Any CPU.Build.0 = Debug|Any CPU
		{DB44B646-F6E2-4ED6-9BCB-BE36308F6EE1}.Release|Any CPU.ActiveCfg = Release|Any CPU
		{DB44B646-F6E2-4ED6-9BCB-BE36308F6EE1}.Release|Any CPU.Build.0 = Release|Any CPU
	EndGlobalSection
	GlobalSection(SolutionProperties) = preSolution
		HideSolutionNode = FALSE
	EndGlobalSection
	GlobalSection(ExtensibilityGlobals) = postSolution
		SolutionGuid = {5DB1AE4C-D0AA-44E1-B6B7-64DB748CED8C}
	EndGlobalSection
EndGlobal
